
Microsoft Visual Studio Solution File, Format Version 12.00
# Visual Studio 15
VisualStudioVersion = 15.0.28010.2041
MinimumVisualStudioVersion = 10.0.40219.1
Project("{888888A0-9F3D-457C-B088-3A5042F75D52}") = "TensorFlow-Walkthrough", "TensorFlow-Walkthrough\TensorFlow-Walkthrough.pyproj", "{68F9D242-0C1B-4B26-87F0-1600E3DE4532}"
EndProject
Global
	GlobalSection(SolutionConfigurationPlatforms) = preSolution
		Debug|Any CPU = Debug|Any CPU
		Release|Any CPU = Release|Any CPU
	EndGlobalSection
	GlobalSection(ProjectConfigurationPlatforms) = postSolution
		{68F9D242-0C1B-4B26-87F0-1600E3DE4532}.Debug|Any CPU.ActiveCfg = Debug|Any CPU
		{68F9D242-0C1B-4B26-87F0-1600E3DE4532}.Release|Any CPU.ActiveCfg = Release|Any CPU
	EndGlobalSection
	GlobalSection(SolutionProperties) = preSolution
		HideSolutionNode = FALSE
	EndGlobalSection
	GlobalSection(ExtensibilityGlobals) = postSolution
		SolutionGuid = {ECBA3382-4C54-4480-A9B2-7292A7539D72}
	EndGlobalSection
EndGlobal
